
Microsoft Visual Studio Solution File, Format Version 12.00
# Visual Studio Version 17
VisualStudioVersion = 17.2.32630.192
MinimumVisualStudioVersion = 10.0.40219.1
Project("{FAE04EC0-301F-11D3-BF4B-00C04F79EFBC}") = "ADOMizzaAPI", "ADOMizzaAPI\ADOMizzaAPI.csproj", "{0E8979D6-EA48-4355-96AF-4B0EB866ACF2}"
EndProject
Project("{FAE04EC0-301F-11D3-BF4B-00C04F79EFBC}") = "Mizza.DataRepo", "Mizza.DataRepo\Mizza.DataRepo.csproj", "{2B85783A-50D3-44D8-8104-39586FBA74CC}"
EndProject
Global
	GlobalSection(SolutionConfigurationPlatforms) = preSolution
		Debug|Any CPU = Debug|Any CPU
		Release|Any CPU = Release|Any CPU
	EndGlobalSection
	GlobalSection(ProjectConfigurationPlatforms) = postSolution
		{0E8979D6-EA48-4355-96AF-4B0EB866ACF2}.Debug|Any CPU.ActiveCfg = Debug|Any CPU
		{0E8979D6-EA48-4355-96AF-4B0EB866ACF2}.Debug|Any CPU.Build.0 = Debug|Any CPU
		{0E8979D6-EA48-4355-96AF-4B0EB866ACF2}.Release|Any CPU.ActiveCfg = Release|Any CPU
		{0E8979D6-EA48-4355-96AF-4B0EB866ACF2}.Release|Any CPU.Build.0 = Release|Any CPU
		{2B85783A-50D3-44D8-8104-39586FBA74CC}.Debug|Any CPU.ActiveCfg = Debug|Any CPU
		{2B85783A-50D3-44D8-8104-39586FBA74CC}.Debug|Any CPU.Build.0 = Debug|Any CPU
		{2B85783A-50D3-44D8-8104-39586FBA74CC}.Release|Any CPU.ActiveCfg = Release|Any CPU
		{2B85783A-50D3-44D8-8104-39586FBA74CC}.Release|Any CPU.Build.0 = Release|Any CPU
	EndGlobalSection
	GlobalSection(SolutionProperties) = preSolution
		HideSolutionNode = FALSE
	EndGlobalSection
	GlobalSection(ExtensibilityGlobals) = postSolution
		SolutionGuid = {F7374A61-9934-417B-929A-34D715D3D7FA}
	EndGlobalSection
EndGlobal
